
Microsoft Visual Studio Solution File, Format Version 12.00
# Visual Studio Version 16
VisualStudioVersion = 16.0.33328.57
MinimumVisualStudioVersion = 10.0.40219.1
Project("{FAE04EC0-301F-11D3-BF4B-00C04F79EFBC}") = "Registration", "Registration\Registration.csproj", "{D6E3E5B8-A844-4B30-B9C3-A6992688CCF4}"
EndProject
Global
	GlobalSection(SolutionConfigurationPlatforms) = preSolution
		Debug|Any CPU = Debug|Any CPU
		Release|Any CPU = Release|Any CPU
	EndGlobalSection
	GlobalSection(ProjectConfigurationPlatforms) = postSolution
		{D6E3E5B8-A844-4B30-B9C3-A6992688CCF4}.Debug|Any CPU.ActiveCfg = Debug|Any CPU
		{D6E3E5B8-A844-4B30-B9C3-A6992688CCF4}.Debug|Any CPU.Build.0 = Debug|Any CPU
		{D6E3E5B8-A844-4B30-B9C3-A6992688CCF4}.Release|Any CPU.ActiveCfg = Release|Any CPU
		{D6E3E5B8-A844-4B30-B9C3-A6992688CCF4}.Release|Any CPU.Build.0 = Release|Any CPU
	EndGlobalSection
	GlobalSection(SolutionProperties) = preSolution
		HideSolutionNode = FALSE
	EndGlobalSection
	GlobalSection(ExtensibilityGlobals) = postSolution
		SolutionGuid = {8C0536D5-E6FE-46E1-AF50-246303C32C02}
	EndGlobalSection
EndGlobal
